// !$*UTF8*$!
{
	archiveVersion = 1;
	classes = {
	};
	objectVersion = 55;
	objects = {

/* Begin PBXBuildFile section */
		43B997702953201900498F0B /* AppDelegate.swift in Sources */ = {isa = PBXBuildFile; fileRef = 43B9976F2953201900498F0B /* AppDelegate.swift */; };
		43B997722953201900498F0B /* SceneDelegate.swift in Sources */ = {isa = PBXBuildFile; fileRef = 43B997712953201900498F0B /* SceneDelegate.swift */; };
		43B997742953201900498F0B /* ViewController.swift in Sources */ = {isa = PBXBuildFile; fileRef = 43B997732953201900498F0B /* ViewController.swift */; };
		43B997772953201900498F0B /* Main.storyboard in Resources */ = {isa = PBXBuildFile; fileRef = 43B997752953201900498F0B /* Main.storyboard */; };
		43B997792953201C00498F0B /* Assets.xcassets in Resources */ = {isa = PBXBuildFile; fileRef = 43B997782953201C00498F0B /* Assets.xcassets */; };
		43B9977C2953201C00498F0B /* LaunchScreen.storyboard in Resources */ = {isa = PBXBuildFile; fileRef = 43B9977A2953201C00498F0B /* LaunchScreen.storyboard */; };
		43B997872953201E00498F0B /* UnitTestSampleTests.swift in Sources */ = {isa = PBXBuildFile; fileRef = 43B997862953201E00498F0B /* UnitTestSampleTests.swift */; };
		43B997912953201E00498F0B /* UnitTestSampleUITests.swift in Sources */ = {isa = PBXBuildFile; fileRef = 43B997902953201E00498F0B /* UnitTestSampleUITests.swift */; };
		43B997932953201E00498F0B /* UnitTestSampleUITestsLaunchTests.swift in Sources */ = {isa = PBXBuildFile; fileRef = 43B997922953201E00498F0B /* UnitTestSampleUITestsLaunchTests.swift */; };
/* End PBXBuildFile section */

/* Begin PBXContainerItemProxy section */
		43B997832953201E00498F0B /* PBXContainerItemProxy */ = {
			isa = PBXContainerItemProxy;
			containerPortal = 43B997642953201900498F0B /* Project object */;
			proxyType = 1;
			remoteGlobalIDString = 43B9976B2953201900498F0B;
			remoteInfo = UnitTestSample;
		};
		43B9978D2953201E00498F0B /* PBXContainerItemProxy */ = {
			isa = PBXContainerItemProxy;
			containerPortal = 43B997642953201900498F0B /* Project object */;
			proxyType = 1;
			remoteGlobalIDString = 43B9976B2953201900498F0B;
			remoteInfo = UnitTestSample;
		};
/* End PBXContainerItemProxy section */

/* Begin PBXFileReference section */
		43B9976C2953201900498F0B /* UnitTestSample.app */ = {isa = PBXFileReference; explicitFileType = wrapper.application; includeInIndex = 0; path = UnitTestSample.app; sourceTree = BUILT_PRODUCTS_DIR; };
		43B9976F2953201900498F0B /* AppDelegate.swift */ = {isa = PBXFileReference; lastKnownFileType = sourcecode.swift; path = AppDelegate.swift; sourceTree = "<group>"; };
		43B997712953201900498F0B /* SceneDelegate.swift */ = {isa = PBXFileReference; lastKnownFileType = sourcecode.swift; path = SceneDelegate.swift; sourceTree = "<group>"; };
		43B997732953201900498F0B /* ViewController.swift */ = {isa = PBXFileReference; lastKnownFileType = sourcecode.swift; path = ViewController.swift; sourceTree = "<group>"; };
		43B997762953201900498F0B /* Base */ = {isa = PBXFileReference; lastKnownFileType = file.storyboard; name = Base; path = Base.lproj/Main.storyboard; sourceTree = "<group>"; };
		43B997782953201C00498F0B /* Assets.xcassets */ = {isa = PBXFileReference; lastKnownFileType = folder.assetcatalog; path = Assets.xcassets; sourceTree = "<group>"; };
		43B9977B2953201C00498F0B /* Base */ = {isa = PBXFileReference; lastKnownFileType = file.storyboard; name = Base; path = Base.lproj/LaunchScreen.storyboard; sourceTree = "<group>"; };
		43B9977D2953201C00498F0B /* Info.plist */ = {isa = PBXFileReference; lastKnownFileType = text.plist.xml; path = Info.plist; sourceTree = "<group>"; };
		43B997822953201E00498F0B /* UnitTestSampleTests.xctest */ = {isa = PBXFileReference; explicitFileType = wrapper.cfbundle; includeInIndex = 0; path = UnitTestSampleTests.xctest; sourceTree = BUILT_PRODUCTS_DIR; };
		43B997862953201E00498F0B /* UnitTestSampleTests.swift */ = {isa = PBXFileReference; lastKnownFileType = sourcecode.swift; path = UnitTestSampleTests.swift; sourceTree = "<group>"; };
		43B9978C2953201E00498F0B /* UnitTestSampleUITests.xctest */ = {isa = PBXFileReference; explicitFileType = wrapper.cfbundle; includeInIndex = 0; path = UnitTestSampleUITests.xctest; sourceTree = BUILT_PRODUCTS_DIR; };
		43B997902953201E00498F0B /* UnitTestSampleUITests.swift */ = {isa = PBXFileReference; lastKnownFileType = sourcecode.swift; path = UnitTestSampleUITests.swift; sourceTree = "<group>"; };
		43B997922953201E00498F0B /* UnitTestSampleUITestsLaunchTests.swift */ = {isa = PBXFileReference; lastKnownFileType = sourcecode.swift; path = UnitTestSampleUITestsLaunchTests.swift; sourceTree = "<group>"; };
/* End PBXFileReference section */

/* Begin PBXFrameworksBuildPhase section */
		43B997692953201900498F0B /* Frameworks */ = {
			isa = PBXFrameworksBuildPhase;
			buildActionMask = 2147483647;
			files = (
			);
			runOnlyForDeploymentPostprocessing = 0;
		};
		43B9977F2953201E00498F0B /* Frameworks */ = {
			isa = PBXFrameworksBuildPhase;
			buildActionMask = 2147483647;
			files = (
			);
			runOnlyForDeploymentPostprocessing = 0;
		};
		43B997892953201E00498F0B /* Frameworks */ = {
			isa = PBXFrameworksBuildPhase;
			buildActionMask = 2147483647;
			files = (
			);
			runOnlyForDeploymentPostprocessing = 0;
		};
/* End PBXFrameworksBuildPhase section */

/* Begin PBXGroup section */
		43B997632953201900498F0B = {
			isa = PBXGroup;
			children = (
				43B9976E2953201900498F0B /* UnitTestSample */,
				43B997852953201E00498F0B /* UnitTestSampleTests */,
				43B9978F2953201E00498F0B /* UnitTestSampleUITests */,
				43B9976D2953201900498F0B /* Products */,
			);
			sourceTree = "<group>";
		};
		43B9976D2953201900498F0B /* Products */ = {
			isa = PBXGroup;
			children = (
				43B9976C2953201900498F0B /* UnitTestSample.app */,
				43B997822953201E00498F0B /* UnitTestSampleTests.xctest */,
				43B9978C2953201E00498F0B /* UnitTestSampleUITests.xctest */,
			);
			name = Products;
			sourceTree = "<group>";
		};
		43B9976E2953201900498F0B /* UnitTestSample */ = {
			isa = PBXGroup;
			children = (
				43B9976F2953201900498F0B /* AppDelegate.swift */,
				43B997712953201900498F0B /* SceneDelegate.swift */,
				43B997732953201900498F0B /* ViewController.swift */,
				43B997752953201900498F0B /* Main.storyboard */,
				43B997782953201C00498F0B /* Assets.xcassets */,
				43B9977A2953201C00498F0B /* LaunchScreen.storyboard */,
				43B9977D2953201C00498F0B /* Info.plist */,
			);
			path = UnitTestSample;
			sourceTree = "<group>";
		};
		43B997852953201E00498F0B /* UnitTestSampleTests */ = {
			isa = PBXGroup;
			children = (
				43B997862953201E00498F0B /* UnitTestSampleTests.swift */,
			);
			path = UnitTestSampleTests;
			sourceTree = "<group>";
		};
		43B9978F2953201E00498F0B /* UnitTestSampleUITests */ = {
			isa = PBXGroup;
			children = (
				43B997902953201E00498F0B /* UnitTestSampleUITests.swift */,
				43B997922953201E00498F0B /* UnitTestSampleUITestsLaunchTests.swift */,
			);
			path = UnitTestSampleUITests;
			sourceTree = "<group>";
		};
/* End PBXGroup section */

/* Begin PBXNativeTarget section */
		43B9976B2953201900498F0B /* UnitTestSample */ = {
			isa = PBXNativeTarget;
			buildConfigurationList = 43B997962953201E00498F0B /* Build configuration list for PBXNativeTarget "UnitTestSample" */;
			buildPhases = (
				43B997682953201900498F0B /* Sources */,
				43B997692953201900498F0B /* Frameworks */,
				43B9976A2953201900498F0B /* Resources */,
			);
			buildRules = (
			);
			dependencies = (
			);
			name = UnitTestSample;
			productName = UnitTestSample;
			productReference = 43B9976C2953201900498F0B /* UnitTestSample.app */;
			productType = "com.apple.product-type.application";
		};
		43B997812953201E00498F0B /* UnitTestSampleTests */ = {
			isa = PBXNativeTarget;
			buildConfigurationList = 43B997992953201E00498F0B /* Build configuration list for PBXNativeTarget "UnitTestSampleTests" */;
			buildPhases = (
				43B9977E2953201E00498F0B /* Sources */,
				43B9977F2953201E00498F0B /* Frameworks */,
				43B997802953201E00498F0B /* Resources */,
			);
			buildRules = (
			);
			dependencies = (
				43B997842953201E00498F0B /* PBXTargetDependency */,
			);
			name = UnitTestSampleTests;
			productName = UnitTestSampleTests;
			productReference = 43B997822953201E00498F0B /* UnitTestSampleTests.xctest */;
			productType = "com.apple.product-type.bundle.unit-test";
		};
		43B9978B2953201E00498F0B /* UnitTestSampleUITests */ = {
			isa = PBXNativeTarget;
			buildConfigurationList = 43B9979C2953201E00498F0B /* Build configuration list for PBXNativeTarget "UnitTestSampleUITests" */;
			buildPhases = (
				43B997882953201E00498F0B /* Sources */,
				43B997892953201E00498F0B /* Frameworks */,
				43B9978A2953201E00498F0B /* Resources */,
			);
			buildRules = (
			);
			dependencies = (
				43B9978E2953201E00498F0B /* PBXTargetDependency */,
			);
			name = UnitTestSampleUITests;
			productName = UnitTestSampleUITests;
			productReference = 43B9978C2953201E00498F0B /* UnitTestSampleUITests.xctest */;
			productType = "com.apple.product-type.bundle.ui-testing";
		};
/* End PBXNativeTarget section */

/* Begin PBXProject section */
		43B997642953201900498F0B /* Project object */ = {
			isa = PBXProject;
			attributes = {
				BuildIndependentTargetsInParallel = 1;
				LastSwiftUpdateCheck = 1340;
				LastUpgradeCheck = 1340;
				TargetAttributes = {
					43B9976B2953201900498F0B = {
						CreatedOnToolsVersion = 13.4.1;
					};
					43B997812953201E00498F0B = {
						CreatedOnToolsVersion = 13.4.1;
						TestTargetID = 43B9976B2953201900498F0B;
					};
					43B9978B2953201E00498F0B = {
						CreatedOnToolsVersion = 13.4.1;
						TestTargetID = 43B9976B2953201900498F0B;
					};
				};
			};
			buildConfigurationList = 43B997672953201900498F0B /* Build configuration list for PBXProject "UnitTestSample" */;
			compatibilityVersion = "Xcode 13.0";
			developmentRegion = en;
			hasScannedForEncodings = 0;
			knownRegions = (
				en,
				Base,
			);
			mainGroup = 43B997632953201900498F0B;
			productRefGroup = 43B9976D2953201900498F0B /* Products */;
			projectDirPath = "";
			projectRoot = "";
			targets = (
				43B9976B2953201900498F0B /* UnitTestSample */,
				43B997812953201E00498F0B /* UnitTestSampleTests */,
				43B9978B2953201E00498F0B /* UnitTestSampleUITests */,
			);
		};
/* End PBXProject section */

/* Begin PBXResourcesBuildPhase section */
		43B9976A2953201900498F0B /* Resources */ = {
			isa = PBXResourcesBuildPhase;
			buildActionMask = 2147483647;
			files = (
				43B9977C2953201C00498F0B /* LaunchScreen.storyboard in Resources */,
				43B997792953201C00498F0B /* Assets.xcassets in Resources */,
				43B997772953201900498F0B /* Main.storyboard in Resources */,
			);
			runOnlyForDeploymentPostprocessing = 0;
		};
		43B997802953201E00498F0B /* Resources */ = {
			isa = PBXResourcesBuildPhase;
			buildActionMask = 2147483647;
			files = (
			);
			runOnlyForDeploymentPostprocessing = 0;
		};
		43B9978A2953201E00498F0B /* Resources */ = {
			isa = PBXResourcesBuildPhase;
			buildActionMask = 2147483647;
			files = (
			);
			runOnlyForDeploymentPostprocessing = 0;
		};
/* End PBXResourcesBuildPhase section */

/* Begin PBXSourcesBuildPhase section */
		43B997682953201900498F0B /* Sources */ = {
			isa = PBXSourcesBuildPhase;
			buildActionMask = 2147483647;
			files = (
				43B997742953201900498F0B /* ViewController.swift in Sources */,
				43B997702953201900498F0B /* AppDelegate.swift in Sources */,
				43B997722953201900498F0B /* SceneDelegate.swift in Sources */,
			);
			runOnlyForDeploymentPostprocessing = 0;
		};
		43B9977E2953201E00498F0B /* Sources */ = {
			isa = PBXSourcesBuildPhase;
			buildActionMask = 2147483647;
			files = (
				43B997872953201E00498F0B /* UnitTestSampleTests.swift in Sources */,
			);
			runOnlyForDeploymentPostprocessing = 0;
		};
		43B997882953201E00498F0B /* Sources */ = {
			isa = PBXSourcesBuildPhase;
			buildActionMask = 2147483647;
			files = (
				43B997932953201E00498F0B /* UnitTestSampleUITestsLaunchTests.swift in Sources */,
				43B997912953201E00498F0B /* UnitTestSampleUITests.swift in Sources */,
			);
			runOnlyForDeploymentPostprocessing = 0;
		};
/* End PBXSourcesBuildPhase section */

/* Begin PBXTargetDependency section */
		43B997842953201E00498F0B /* PBXTargetDependency */ = {
			isa = PBXTargetDependency;
			target = 43B9976B2953201900498F0B /* UnitTestSample */;
			targetProxy = 43B997832953201E00498F0B /* PBXContainerItemProxy */;
		};
		43B9978E2953201E00498F0B /* PBXTargetDependency */ = {
			isa = PBXTargetDependency;
			target = 43B9976B2953201900498F0B /* UnitTestSample */;
			targetProxy = 43B9978D2953201E00498F0B /* PBXContainerItemProxy */;
		};
/* End PBXTargetDependency section */

/* Begin PBXVariantGroup section */
		43B997752953201900498F0B /* Main.storyboard */ = {
			isa = PBXVariantGroup;
			children = (
				43B997762953201900498F0B /* Base */,
			);
			name = Main.storyboard;
			sourceTree = "<group>";
		};
		43B9977A2953201C00498F0B /* LaunchScreen.storyboard */ = {
			isa = PBXVariantGroup;
			children = (
				43B9977B2953201C00498F0B /* Base */,
			);
			name = LaunchScreen.storyboard;
			sourceTree = "<group>";
		};
/* End PBXVariantGroup section */

/* Begin XCBuildConfiguration section */
		43B997942953201E00498F0B /* Debug */ = {
			isa = XCBuildConfiguration;
			buildSettings = {
				ALWAYS_SEARCH_USER_PATHS = NO;
				CLANG_ANALYZER_NONNULL = YES;
				CLANG_ANALYZER_NUMBER_OBJECT_CONVERSION = YES_AGGRESSIVE;
				CLANG_CXX_LANGUAGE_STANDARD = "gnu++17";
				CLANG_ENABLE_MODULES = YES;
				CLANG_ENABLE_OBJC_ARC = YES;
				CLANG_ENABLE_OBJC_WEAK = YES;
				CLANG_WARN_BLOCK_CAPTURE_AUTORELEASING = YES;
				CLANG_WARN_BOOL_CONVERSION = YES;
				CLANG_WARN_COMMA = YES;
				CLANG_WARN_CONSTANT_CONVERSION = YES;
				CLANG_WARN_DEPRECATED_OBJC_IMPLEMENTATIONS = YES;
				CLANG_WARN_DIRECT_OBJC_ISA_USAGE = YES_ERROR;
				CLANG_WARN_DOCUMENTATION_COMMENTS = YES;
				CLANG_WARN_EMPTY_BODY = YES;
				CLANG_WARN_ENUM_CONVERSION = YES;
				CLANG_WARN_INFINITE_RECURSION = YES;
				CLANG_WARN_INT_CONVERSION = YES;
				CLANG_WARN_NON_LITERAL_NULL_CONVERSION = YES;
				CLANG_WARN_OBJC_IMPLICIT_RETAIN_SELF = YES;
				CLANG_WARN_OBJC_LITERAL_CONVERSION = YES;
				CLANG_WARN_OBJC_ROOT_CLASS = YES_ERROR;
				CLANG_WARN_QUOTED_INCLUDE_IN_FRAMEWORK_HEADER = YES;
				CLANG_WARN_RANGE_LOOP_ANALYSIS = YES;
				CLANG_WARN_STRICT_PROTOTYPES = YES;
				CLANG_WARN_SUSPICIOUS_MOVE = YES;
				CLANG_WARN_UNGUARDED_AVAILABILITY = YES_AGGRESSIVE;
				CLANG_WARN_UNREACHABLE_CODE = YES;
				CLANG_WARN__DUPLICATE_METHOD_MATCH = YES;
				COPY_PHASE_STRIP = NO;
				DEBUG_INFORMATION_FORMAT = dwarf;
				ENABLE_STRICT_OBJC_MSGSEND = YES;
				ENABLE_TESTABILITY = YES;
				GCC_C_LANGUAGE_STANDARD = gnu11;
				GCC_DYNAMIC_NO_PIC = NO;
				GCC_NO_COMMON_BLOCKS = YES;
				GCC_OPTIMIZATION_LEVEL = 0;
				GCC_PREPROCESSOR_DEFINITIONS = (
					"DEBUG=1",
					"$(inherited)",
				);
				GCC_WARN_64_TO_32_BIT_CONVERSION = YES;
				GCC_WARN_ABOUT_RETURN_TYPE = YES_ERROR;
				GCC_WARN_UNDECLARED_SELECTOR = YES;
				GCC_WARN_UNINITIALIZED_AUTOS = YES_AGGRESSIVE;
				GCC_WARN_UNUSED_FUNCTION = YES;
				GCC_WARN_UNUSED_VARIABLE = YES;
				IPHONEOS_DEPLOYMENT_TARGET = 15.5;
				MTL_ENABLE_DEBUG_INFO = INCLUDE_SOURCE;
				MTL_FAST_MATH = YES;
				ONLY_ACTIVE_ARCH = YES;
				SDKROOT = iphoneos;
				SWIFT_ACTIVE_COMPILATION_CONDITIONS = DEBUG;
				SWIFT_OPTIMIZATION_LEVEL = "-Onone";
			};
			name = Debug;
		};
		43B997952953201E00498F0B /* Release */ = {
			isa = XCBuildConfiguration;
			buildSettings = {
				ALWAYS_SEARCH_USER_PATHS = NO;
				CLANG_ANALYZER_NONNULL = YES;
				CLANG_ANALYZER_NUMBER_OBJECT_CONVERSION = YES_AGGRESSIVE;
				CLANG_CXX_LANGUAGE_STANDARD = "gnu++17";
				CLANG_ENABLE_MODULES = YES;
				CLANG_ENABLE_OBJC_ARC = YES;
				CLANG_ENABLE_OBJC_WEAK = YES;
				CLANG_WARN_BLOCK_CAPTURE_AUTORELEASING = YES;
				CLANG_WARN_BOOL_CONVERSION = YES;
				CLANG_WARN_COMMA = YES;
				CLANG_WARN_CONSTANT_CONVERSION = YES;
				CLANG_WARN_DEPRECATED_OBJC_IMPLEMENTATIONS = YES;
				CLANG_WARN_DIRECT_OBJC_ISA_USAGE = YES_ERROR;
				CLANG_WARN_DOCUMENTATION_COMMENTS = YES;
				CLANG_WARN_EMPTY_BODY = YES;
				CLANG_WARN_ENUM_CONVERSION = YES;
				CLANG_WARN_INFINITE_RECURSION = YES;
				CLANG_WARN_INT_CONVERSION = YES;
				CLANG_WARN_NON_LITERAL_NULL_CONVERSION = YES;
				CLANG_WARN_OBJC_IMPLICIT_RETAIN_SELF = YES;
				CLANG_WARN_OBJC_LITERAL_CONVERSION = YES;
				CLANG_WARN_OBJC_ROOT_CLASS = YES_ERROR;
				CLANG_WARN_QUOTED_INCLUDE_IN_FRAMEWORK_HEADER = YES;
				CLANG_WARN_RANGE_LOOP_ANALYSIS = YES;
				CLANG_WARN_STRICT_PROTOTYPES = YES;
				CLANG_WARN_SUSPICIOUS_MOVE = YES;
				CLANG_WARN_UNGUARDED_AVAILABILITY = YES_AGGRESSIVE;
				CLANG_WARN_UNREACHABLE_CODE = YES;
				CLANG_WARN__DUPLICATE_METHOD_MATCH = YES;
				COPY_PHASE_STRIP = NO;
				DEBUG_INFORMATION_FORMAT = "dwarf-with-dsym";
				ENABLE_NS_ASSERTIONS = NO;
				ENABLE_STRICT_OBJC_MSGSEND = YES;
				GCC_C_LANGUAGE_STANDARD = gnu11;
				GCC_NO_COMMON_BLOCKS = YES;
				GCC_WARN_64_TO_32_BIT_CONVERSION = YES;
				GCC_WARN_ABOUT_RETURN_TYPE = YES_ERROR;
				GCC_WARN_UNDECLARED_SELECTOR = YES;
				GCC_WARN_UNINITIALIZED_AUTOS = YES_AGGRESSIVE;
				GCC_WARN_UNUSED_FUNCTION = YES;
				GCC_WARN_UNUSED_VARIABLE = YES;
				IPHONEOS_DEPLOYMENT_TARGET = 15.5;
				MTL_ENABLE_DEBUG_INFO = NO;
				MTL_FAST_MATH = YES;
				SDKROOT = iphoneos;
				SWIFT_COMPILATION_MODE = wholemodule;
				SWIFT_OPTIMIZATION_LEVEL = "-O";
				VALIDATE_PRODUCT = YES;
			};
			name = Release;
		};
		43B997972953201E00498F0B /* Debug */ = {
			isa = XCBuildConfiguration;
			buildSettings = {
				ASSETCATALOG_COMPILER_APPICON_NAME = AppIcon;
				ASSETCATALOG_COMPILER_GLOBAL_ACCENT_COLOR_NAME = AccentColor;
				CODE_SIGN_STYLE = Automatic;
				CURRENT_PROJECT_VERSION = 1;
				GENERATE_INFOPLIST_FILE = YES;
				INFOPLIST_FILE = UnitTestSample/Info.plist;
				INFOPLIST_KEY_UIApplicationSupportsIndirectInputEvents = YES;
				INFOPLIST_KEY_UILaunchStoryboardName = LaunchScreen;
				INFOPLIST_KEY_UIMainStoryboardFile = Main;
				INFOPLIST_KEY_UISupportedInterfaceOrientations_iPad = "UIInterfaceOrientationPortrait UIInterfaceOrientationPortraitUpsideDown UIInterfaceOrientationLandscapeLeft UIInterfaceOrientationLandscapeRight";
				INFOPLIST_KEY_UISupportedInterfaceOrientations_iPhone = "UIInterfaceOrientationPortrait UIInterfaceOrientationLandscapeLeft UIInterfaceOrientationLandscapeRight";
				LD_RUNPATH_SEARCH_PATHS = (
					"$(inherited)",
					"@executable_path/Frameworks",
				);
				MARKETING_VERSION = 1.0;
				PRODUCT_BUNDLE_IDENTIFIER = none.UnitTestSample;
				PRODUCT_NAME = "$(TARGET_NAME)";
				SWIFT_EMIT_LOC_STRINGS = YES;
				SWIFT_VERSION = 5.0;
				TARGETED_DEVICE_FAMILY = "1,2";
			};
			name = Debug;
		};
		43B997982953201E00498F0B /* Release */ = {
			isa = XCBuildConfiguration;
			buildSettings = {
				ASSETCATALOG_COMPILER_APPICON_NAME = AppIcon;
				ASSETCATALOG_COMPILER_GLOBAL_ACCENT_COLOR_NAME = AccentColor;
				CODE_SIGN_STYLE = Automatic;
				CURRENT_PROJECT_VERSION = 1;
				GENERATE_INFOPLIST_FILE = YES;
				INFOPLIST_FILE = UnitTestSample/Info.plist;
				INFOPLIST_KEY_UIApplicationSupportsIndirectInputEvents = YES;
				INFOPLIST_KEY_UILaunchStoryboardName = LaunchScreen;
				INFOPLIST_KEY_UIMainStoryboardFile = Main;
				INFOPLIST_KEY_UISupportedInterfaceOrientations_iPad = "UIInterfaceOrientationPortrait UIInterfaceOrientationPortraitUpsideDown UIInterfaceOrientationLandscapeLeft UIInterfaceOrientationLandscapeRight";
				INFOPLIST_KEY_UISupportedInterfaceOrientations_iPhone = "UIInterfaceOrientationPortrait UIInterfaceOrientationLandscapeLeft UIInterfaceOrientationLandscapeRight";
				LD_RUNPATH_SEARCH_PATHS = (
					"$(inherited)",
					"@executable_path/Frameworks",
				);
				MARKETING_VERSION = 1.0;
				PRODUCT_BUNDLE_IDENTIFIER = none.UnitTestSample;
				PRODUCT_NAME = "$(TARGET_NAME)";
				SWIFT_EMIT_LOC_STRINGS = YES;
				SWIFT_VERSION = 5.0;
				TARGETED_DEVICE_FAMILY = "1,2";
			};
			name = Release;
		};
		43B9979A2953201E00498F0B /* Debug */ = {
			isa = XCBuildConfiguration;
			buildSettings = {
				ALWAYS_EMBED_SWIFT_STANDARD_LIBRARIES = YES;
				BUNDLE_LOADER = "$(TEST_HOST)";
				CODE_SIGN_STYLE = Automatic;
				CURRENT_PROJECT_VERSION = 1;
				GENERATE_INFOPLIST_FILE = YES;
				IPHONEOS_DEPLOYMENT_TARGET = 15.5;
				MARKETING_VERSION = 1.0;
				PRODUCT_BUNDLE_IDENTIFIER = none.UnitTestSampleTests;
				PRODUCT_NAME = "$(TARGET_NAME)";
				SWIFT_EMIT_LOC_STRINGS = NO;
				SWIFT_VERSION = 5.0;
				TARGETED_DEVICE_FAMILY = "1,2";
				TEST_HOST = "$(BUILT_PRODUCTS_DIR)/UnitTestSample.app/UnitTestSample";
			};
			name = Debug;
		};
		43B9979B2953201E00498F0B /* Release */ = {
			isa = XCBuildConfiguration;
			buildSettings = {
				ALWAYS_EMBED_SWIFT_STANDARD_LIBRARIES = YES;
				BUNDLE_LOADER = "$(TEST_HOST)";
				CODE_SIGN_STYLE = Automatic;
				CURRENT_PROJECT_VERSION = 1;
				GENERATE_INFOPLIST_FILE = YES;
				IPHONEOS_DEPLOYMENT_TARGET = 15.5;
				MARKETING_VERSION = 1.0;
				PRODUCT_BUNDLE_IDENTIFIER = none.UnitTestSampleTests;
				PRODUCT_NAME = "$(TARGET_NAME)";
				SWIFT_EMIT_LOC_STRINGS = NO;
				SWIFT_VERSION = 5.0;
				TARGETED_DEVICE_FAMILY = "1,2";
				TEST_HOST = "$(BUILT_PRODUCTS_DIR)/UnitTestSample.app/UnitTestSample";
			};
			name = Release;
		};
		43B9979D2953201E00498F0B /* Debug */ = {
			isa = XCBuildConfiguration;
			buildSettings = {
				ALWAYS_EMBED_SWIFT_STANDARD_LIBRARIES = YES;
				CODE_SIGN_STYLE = Automatic;
				CURRENT_PROJECT_VERSION = 1;
				GENERATE_INFOPLIST_FILE = YES;
				MARKETING_VERSION = 1.0;
				PRODUCT_BUNDLE_IDENTIFIER = none.UnitTestSampleUITests;
				PRODUCT_NAME = "$(TARGET_NAME)";
				SWIFT_EMIT_LOC_STRINGS = NO;
				SWIFT_VERSION = 5.0;
				TARGETED_DEVICE_FAMILY = "1,2";
				TEST_TARGET_NAME = UnitTestSample;
			};
			name = Debug;
		};
		43B9979E2953201E00498F0B /* Release */ = {
			isa = XCBuildConfiguration;
			buildSettings = {
				ALWAYS_EMBED_SWIFT_STANDARD_LIBRARIES = YES;
				CODE_SIGN_STYLE = Automatic;
				CURRENT_PROJECT_VERSION = 1;
				GENERATE_INFOPLIST_FILE = YES;
				MARKETING_VERSION = 1.0;
				PRODUCT_BUNDLE_IDENTIFIER = none.UnitTestSampleUITests;
				PRODUCT_NAME = "$(TARGET_NAME)";
				SWIFT_EMIT_LOC_STRINGS = NO;
				SWIFT_VERSION = 5.0;
				TARGETED_DEVICE_FAMILY = "1,2";
				TEST_TARGET_NAME = UnitTestSample;
			};
			name = Release;
		};
/* End XCBuildConfiguration section */

/* Begin XCConfigurationList section */
		43B997672953201900498F0B /* Build configuration list for PBXProject "UnitTestSample" */ = {
			isa = XCConfigurationList;
			buildConfigurations = (
				43B997942953201E00498F0B /* Debug */,
				43B997952953201E00498F0B /* Release */,
			);
			defaultConfigurationIsVisible = 0;
			defaultConfigurationName = Release;
		};
		43B997962953201E00498F0B /* Build configuration list for PBXNativeTarget "UnitTestSample" */ = {
			isa = XCConfigurationList;
			buildConfigurations = (
				43B997972953201E00498F0B /* Debug */,
				43B997982953201E00498F0B /* Release */,
			);
			defaultConfigurationIsVisible = 0;
			defaultConfigurationName = Release;
		};
		43B997992953201E00498F0B /* Build configuration list for PBXNativeTarget "UnitTestSampleTests" */ = {
			isa = XCConfigurationList;
			buildConfigurations = (
				43B9979A2953201E00498F0B /* Debug */,
				43B9979B2953201E00498F0B /* Release */,
			);
			defaultConfigurationIsVisible = 0;
			defaultConfigurationName = Release;
		};
		43B9979C2953201E00498F0B /* Build configuration list for PBXNativeTarget "UnitTestSampleUITests" */ = {
			isa = XCConfigurationList;
			buildConfigurations = (
				43B9979D2953201E00498F0B /* Debug */,
				43B9979E2953201E00498F0B /* Release */,
			);
			defaultConfigurationIsVisible = 0;
			defaultConfigurationName = Release;
		};
/* End XCConfigurationList section */
	};
	rootObject = 43B997642953201900498F0B /* Project object */;
}
